{
  "name": "yxzwx",
  "version": "1.0.0",
  "lockfileVersion": 1,
  "requires": true,
  "dependencies": {
    "abbrev": {
      "version": "1.1.1",
      "resolved": "https://registry.npmjs.org/abbrev/-/abbrev-1.1.1.tgz",
      "integrity": "sha512-nne9/IiQ/hzIhY6pdDnbBtz7DjPTKrY00P/zvPSm5pOFkl6xuGrGnXn/VtTNNfNtAfZ9/1RtehkszU9qcTii0Q=="
    },
    "accepts": {
      "version": "1.3.5",
      "resolved": "https://registry.npmjs.org/accepts/-/accepts-1.3.5.tgz",
      "integrity": "sha1-63d99gEXI6OxTopywIBcjoZ0a9I=",
      "requires": {
        "mime-types": "~2.1.18",
        "negotiator": "0.6.1"
      }
    },
    "any-promise": {
      "version": "1.3.0",
      "resolved": "https://registry.npmjs.org/any-promise/-/any-promise-1.3.0.tgz",
      "integrity": "sha1-q8av7tzqUugJzcA3au0845Y10X8="
    },
    "bluebird": {
      "version": "3.5.1",
      "resolved": "https://registry.npmjs.org/bluebird/-/bluebird-3.5.1.tgz",
      "integrity": "sha512-MKiLiV+I1AA596t9w1sQJ8jkiSr5+ZKi0WKrYGUn6d1Fx+Ij4tIj+m2WMQSGczs5jZVxV339chE8iwk6F64wjA=="
    },
    "co": {
      "version": "4.6.0",
      "resolved": "https://registry.npmjs.org/co/-/co-4.6.0.tgz",
      "integrity": "sha1-bqa989hTrlTMuOR7+gvz+QMfsYQ="
    },
    "commander": {
      "version": "2.15.1",
      "resolved": "https://registry.npmjs.org/commander/-/commander-2.15.1.tgz",
      "integrity": "sha512-VlfT9F3V0v+jr4yxPc5gg9s62/fIVWsd2Bk2iD435um1NlGMYdVCq+MjcXnhYq2icNOizHr1kK+5TI6H0Hy0ag=="
    },
    "condense-newlines": {
      "version": "0.2.1",
      "resolved": "https://registry.npmjs.org/condense-newlines/-/condense-newlines-0.2.1.tgz",
      "integrity": "sha1-PemFVTE5R10yUCyDsC9gaE0kxV8=",
      "requires": {
        "extend-shallow": "^2.0.1",
        "is-whitespace": "^0.3.0",
        "kind-of": "^3.0.2"
      }
    },
    "config-chain": {
      "version": "1.1.11",
      "resolved": "https://registry.npmjs.org/config-chain/-/config-chain-1.1.11.tgz",
      "integrity": "sha1-q6CXR9++TD5w52am5BWG4YWfxvI=",
      "requires": {
        "ini": "^1.3.4",
        "proto-list": "~1.2.1"
      }
    },
    "consolidate": {
      "version": "0.15.1",
      "resolved": "https://registry.npmjs.org/consolidate/-/consolidate-0.15.1.tgz",
      "integrity": "sha512-DW46nrsMJgy9kqAbPt5rKaCr7uFtpo4mSUvLHIUbJEjm0vo+aY5QLwBUq3FK4tRnJr/X0Psc0C4jf/h+HtXSMw==",
      "requires": {
        "bluebird": "^3.1.1"
      }
    },
    "content-disposition": {
      "version": "0.5.2",
      "resolved": "https://registry.npmjs.org/content-disposition/-/content-disposition-0.5.2.tgz",
      "integrity": "sha1-DPaLud318r55YcOoUXjLhdunjLQ="
    },
    "content-type": {
      "version": "1.0.4",
      "resolved": "https://registry.npmjs.org/content-type/-/content-type-1.0.4.tgz",
      "integrity": "sha512-hIP3EEPs8tB9AT1L+NUqtwOAps4mk2Zob89MWXMHjHWg9milF/j4osnnQLXBCBFBk/tvIG/tUc9mOUJiPBhPXA=="
    },
    "cookies": {
      "version": "0.7.1",
      "resolved": "https://registry.npmjs.org/cookies/-/cookies-0.7.1.tgz",
      "integrity": "sha1-fIphX1SBxhq58WyDNzG8uPZjuZs=",
      "requires": {
        "depd": "~1.1.1",
        "keygrip": "~1.0.2"
      }
    },
    "debug": {
      "version": "3.1.0",
      "resolved": "https://registry.npmjs.org/debug/-/debug-3.1.0.tgz",
      "integrity": "sha512-OX8XqP7/1a9cqkxYw2yXss15f26NKWBpDXQd0/uK/KPqdQhxbPa994hnzjcE2VqQpDslf55723cKPUOGSmMY3g==",
      "requires": {
        "ms": "2.0.0"
      }
    },
    "deep-equal": {
      "version": "1.0.1",
      "resolved": "https://registry.npmjs.org/deep-equal/-/deep-equal-1.0.1.tgz",
      "integrity": "sha1-9dJgKStmDghO/0zbyfCK0yR0SLU="
    },
    "delegates": {
      "version": "1.0.0",
      "resolved": "https://registry.npmjs.org/delegates/-/delegates-1.0.0.tgz",
      "integrity": "sha1-hMbhWbgZBP3KWaDvRM2HDTElD5o="
    },
    "depd": {
      "version": "1.1.2",
      "resolved": "https://registry.npmjs.org/depd/-/depd-1.1.2.tgz",
      "integrity": "sha1-m81S4UwJd2PnSbJ0xDRu0uVgtak="
    },
    "destroy": {
      "version": "1.0.4",
      "resolved": "https://registry.npmjs.org/destroy/-/destroy-1.0.4.tgz",
      "integrity": "sha1-l4hXRCxEdJ5CBmE+N5RiBYJqvYA="
    },
    "editorconfig": {
      "version": "0.13.3",
      "resolved": "https://registry.npmjs.org/editorconfig/-/editorconfig-0.13.3.tgz",
      "integrity": "sha512-WkjsUNVCu+ITKDj73QDvi0trvpdDWdkDyHybDGSXPfekLCqwmpD7CP7iPbvBgosNuLcI96XTDwNa75JyFl7tEQ==",
      "requires": {
        "bluebird": "^3.0.5",
        "commander": "^2.9.0",
        "lru-cache": "^3.2.0",
        "semver": "^5.1.0",
        "sigmund": "^1.0.1"
      }
    },
    "ee-first": {
      "version": "1.1.1",
      "resolved": "https://registry.npmjs.org/ee-first/-/ee-first-1.1.1.tgz",
      "integrity": "sha1-WQxhFWsK4vTwJVcyoViyZrxWsh0="
    },
    "error-inject": {
      "version": "1.0.0",
      "resolved": "https://registry.npmjs.org/error-inject/-/error-inject-1.0.0.tgz",
      "integrity": "sha1-4rPZG1Su1nLzCdlQ0VSFD6EdTzc="
    },
    "escape-html": {
      "version": "1.0.3",
      "resolved": "https://registry.npmjs.org/escape-html/-/escape-html-1.0.3.tgz",
      "integrity": "sha1-Aljq5NPQwJdN4cFpGI7wBR0dGYg="
    },
    "extend-shallow": {
      "version": "2.0.1",
      "resolved": "https://registry.npmjs.org/extend-shallow/-/extend-shallow-2.0.1.tgz",
      "integrity": "sha1-Ua99YUrZqfYQ6huvu5idaxxWiQ8=",
      "requires": {
        "is-extendable": "^0.1.0"
      }
    },
    "fresh": {
      "version": "0.5.2",
      "resolved": "https://registry.npmjs.org/fresh/-/fresh-0.5.2.tgz",
      "integrity": "sha1-PYyt2Q2XZWn6g1qx+OSyOhBWBac="
    },
    "fs-extra": {
      "version": "4.0.3",
      "resolved": "https://registry.npmjs.org/fs-extra/-/fs-extra-4.0.3.tgz",
      "integrity": "sha512-q6rbdDd1o2mAnQreO7YADIxf/Whx4AHBiRf6d+/cVT8h44ss+lHgxf1FemcqDnQt9X3ct4McHr+JMGlYSsK7Cg==",
      "requires": {
        "graceful-fs": "^4.1.2",
        "jsonfile": "^4.0.0",
        "universalify": "^0.1.0"
      }
    },
    "get-paths": {
      "version": "0.0.2",
      "resolved": "https://registry.npmjs.org/get-paths/-/get-paths-0.0.2.tgz",
      "integrity": "sha512-cB/Yr1D8Ug9IzBqor1maxVCOtcaQgUBZpZtq6Mf9RKkyRe6ohEdgx/zMLcPcOaXaegxNIt2vSij8YcuZGF3tXA==",
      "requires": {
        "fs-extra": "^4.0.2"
      }
    },
    "graceful-fs": {
      "version": "4.1.11",
      "resolved": "https://registry.npmjs.org/graceful-fs/-/graceful-fs-4.1.11.tgz",
      "integrity": "sha1-Dovf5NHduIVNZOBOp8AOKgJuVlg="
    },
    "http-assert": {
      "version": "1.3.0",
      "resolved": "https://registry.npmjs.org/http-assert/-/http-assert-1.3.0.tgz",
      "integrity": "sha1-oxpc+IyHPsu1eWkH1NbxMujAHko=",
      "requires": {
        "deep-equal": "~1.0.1",
        "http-errors": "~1.6.1"
      }
    },
    "http-errors": {
      "version": "1.6.3",
      "resolved": "https://registry.npmjs.org/http-errors/-/http-errors-1.6.3.tgz",
      "integrity": "sha1-i1VoC7S+KDoLW/TqLjhYC+HZMg0=",
      "requires": {
        "depd": "~1.1.2",
        "inherits": "2.0.3",
        "setprototypeof": "1.1.0",
        "statuses": ">= 1.4.0 < 2"
      }
    },
    "inherits": {
      "version": "2.0.3",
      "resolved": "https://registry.npmjs.org/inherits/-/inherits-2.0.3.tgz",
      "integrity": "sha1-Yzwsg+PaQqUC9SRmAiSA9CCCYd4="
    },
    "ini": {
      "version": "1.3.5",
      "resolved": "https://registry.npmjs.org/ini/-/ini-1.3.5.tgz",
      "integrity": "sha512-RZY5huIKCMRWDUqZlEi72f/lmXKMvuszcMBduliQ3nnWbx9X/ZBQO7DijMEYS9EhHBb2qacRUMtC7svLwe0lcw=="
    },
    "is-buffer": {
      "version": "1.1.6",
      "resolved": "https://registry.npmjs.org/is-buffer/-/is-buffer-1.1.6.tgz",
      "integrity": "sha512-NcdALwpXkTm5Zvvbk7owOUSvVvBKDgKP5/ewfXEznmQFfs4ZRmanOeKBTjRVjka3QFoN6XJ+9F3USqfHqTaU5w=="
    },
    "is-extendable": {
      "version": "0.1.1",
      "resolved": "https://registry.npmjs.org/is-extendable/-/is-extendable-0.1.1.tgz",
      "integrity": "sha1-YrEQ4omkcUGOPsNqYX1HLjAd/Ik="
    },
    "is-generator-function": {
      "version": "1.0.7",
      "resolved": "https://registry.npmjs.org/is-generator-function/-/is-generator-function-1.0.7.tgz",
      "integrity": "sha512-YZc5EwyO4f2kWCax7oegfuSr9mFz1ZvieNYBEjmukLxgXfBUbxAWGVF7GZf0zidYtoBl3WvC07YK0wT76a+Rtw=="
    },
    "is-whitespace": {
      "version": "0.3.0",
      "resolved": "https://registry.npmjs.org/is-whitespace/-/is-whitespace-0.3.0.tgz",
      "integrity": "sha1-Fjnssb4DauxppUy7QBz77XEUq38="
    },
    "isarray": {
      "version": "0.0.1",
      "resolved": "https://registry.npmjs.org/isarray/-/isarray-0.0.1.tgz",
      "integrity": "sha1-ihis/Kmo9Bd+Cav8YDiTmwXR7t8="
    },
    "js-beautify": {
      "version": "1.7.5",
      "resolved": "https://registry.npmjs.org/js-beautify/-/js-beautify-1.7.5.tgz",
      "integrity": "sha512-9OhfAqGOrD7hoQBLJMTA+BKuKmoEtTJXzZ7WDF/9gvjtey1koVLuZqIY6c51aPDjbNdNtIXAkiWKVhziawE9Og==",
      "requires": {
        "config-chain": "~1.1.5",
        "editorconfig": "^0.13.2",
        "mkdirp": "~0.5.0",
        "nopt": "~3.0.1"
      }
    },
    "jsonfile": {
      "version": "4.0.0",
      "resolved": "https://registry.npmjs.org/jsonfile/-/jsonfile-4.0.0.tgz",
      "integrity": "sha1-h3Gq4HmbZAdrdmQPygWPnBDjPss=",
      "requires": {
        "graceful-fs": "^4.1.6"
      }
    },
    "keygrip": {
      "version": "1.0.2",
      "resolved": "https://registry.npmjs.org/keygrip/-/keygrip-1.0.2.tgz",
      "integrity": "sha1-rTKXxVcGneqLz+ek+kkbdcXd65E="
    },
    "kind-of": {
      "version": "3.2.2",
      "resolved": "https://registry.npmjs.org/kind-of/-/kind-of-3.2.2.tgz",
      "integrity": "sha1-MeohpzS6ubuw8yRm2JOupR5KPGQ=",
      "requires": {
        "is-buffer": "^1.1.5"
      }
    },
    "koa": {
      "version": "2.5.1",
      "resolved": "https://registry.npmjs.org/koa/-/koa-2.5.1.tgz",
      "integrity": "sha512-cchwbMeG2dv3E2xTAmheDAuvR53tPgJZN/Hf1h7bTzJLSPcFZp8/t5+bNKJ6GaQZoydhZQ+1GNruhKdj3lIrug==",
      "requires": {
        "accepts": "^1.2.2",
        "content-disposition": "~0.5.0",
        "content-type": "^1.0.0",
        "cookies": "~0.7.0",
        "debug": "*",
        "delegates": "^1.0.0",
        "depd": "^1.1.0",
        "destroy": "^1.0.3",
        "error-inject": "~1.0.0",
        "escape-html": "~1.0.1",
        "fresh": "^0.5.2",
        "http-assert": "^1.1.0",
        "http-errors": "^1.2.8",
        "is-generator-function": "^1.0.3",
        "koa-compose": "^4.0.0",
        "koa-convert": "^1.2.0",
        "koa-is-json": "^1.0.0",
        "mime-types": "^2.0.7",
        "on-finished": "^2.1.0",
        "only": "0.0.2",
        "parseurl": "^1.3.0",
        "statuses": "^1.2.0",
        "type-is": "^1.5.5",
        "vary": "^1.0.0"
      }
    },
    "koa-compose": {
      "version": "4.1.0",
      "resolved": "https://registry.npmjs.org/koa-compose/-/koa-compose-4.1.0.tgz",
      "integrity": "sha512-8ODW8TrDuMYvXRwra/Kh7/rJo9BtOfPc6qO8eAfC80CnCvSjSl0bkRM24X6/XBBEyj0v1nRUQ1LyOy3dbqOWXw=="
    },
    "koa-convert": {
      "version": "1.2.0",
      "resolved": "https://registry.npmjs.org/koa-convert/-/koa-convert-1.2.0.tgz",
      "integrity": "sha1-2kCHXfSd4FOQmNFwC1CCDOvNIdA=",
      "requires": {
        "co": "^4.6.0",
        "koa-compose": "^3.0.0"
      },
      "dependencies": {
        "koa-compose": {
          "version": "3.2.1",
          "resolved": "https://registry.npmjs.org/koa-compose/-/koa-compose-3.2.1.tgz",
          "integrity": "sha1-qFzLQLfZhtjlo0Wzoazo6rz1Tec=",
          "requires": {
            "any-promise": "^1.1.0"
          }
        }
      }
    },
    "koa-is-json": {
      "version": "1.0.0",
      "resolved": "https://registry.npmjs.org/koa-is-json/-/koa-is-json-1.0.0.tgz",
      "integrity": "sha1-JzwH7c3Ljfaiwat9We52SRRR7BQ="
    },
    "koa-router": {
      "version": "7.4.0",
      "resolved": "https://registry.npmjs.org/koa-router/-/koa-router-7.4.0.tgz",
      "integrity": "sha512-IWhaDXeAnfDBEpWS6hkGdZ1ablgr6Q6pGdXCyK38RbzuH4LkUOpPqPw+3f8l8aTDrQmBQ7xJc0bs2yV4dzcO+g==",
      "requires": {
        "debug": "^3.1.0",
        "http-errors": "^1.3.1",
        "koa-compose": "^3.0.0",
        "methods": "^1.0.1",
        "path-to-regexp": "^1.1.1",
        "urijs": "^1.19.0"
      },
      "dependencies": {
        "koa-compose": {
          "version": "3.2.1",
          "resolved": "https://registry.npmjs.org/koa-compose/-/koa-compose-3.2.1.tgz",
          "integrity": "sha1-qFzLQLfZhtjlo0Wzoazo6rz1Tec=",
          "requires": {
            "any-promise": "^1.1.0"
          }
        }
      }
    },
    "koa-send": {
      "version": "4.1.3",
      "resolved": "https://registry.npmjs.org/koa-send/-/koa-send-4.1.3.tgz",
      "integrity": "sha512-3UetMBdaXSiw24qM2Mx5mKmxLKw5ZTPRjACjfhK6Haca55RKm9hr/uHDrkrxhSl5/S1CKI/RivZVIopiatZuTA==",
      "requires": {
        "debug": "^2.6.3",
        "http-errors": "^1.6.1",
        "mz": "^2.6.0",
        "resolve-path": "^1.4.0"
      },
      "dependencies": {
        "debug": {
          "version": "2.6.9",
          "resolved": "https://registry.npmjs.org/debug/-/debug-2.6.9.tgz",
          "integrity": "sha512-bC7ElrdJaJnPbAP+1EotYvqZsb3ecl5wi6Bfi6BJTUcNowp6cvspg0jXznRTKDjm/E7AdgFBVeAPVMNcKGsHMA==",
          "requires": {
            "ms": "2.0.0"
          }
        }
      }
    },
    "koa-static": {
      "version": "4.0.3",
      "resolved": "https://registry.npmjs.org/koa-static/-/koa-static-4.0.3.tgz",
      "integrity": "sha512-JGmxTuPWy4bH7bt6gD/OMWkhprawvRmzJSr8TWKmTL4N7+IMv3s0SedeQi5S4ilxM9Bo6ptkCyXj/7wf+VS5tg==",
      "requires": {
        "debug": "^3.1.0",
        "koa-send": "^4.1.3"
      }
    },
    "koa-views": {
      "version": "6.1.4",
      "resolved": "https://registry.npmjs.org/koa-views/-/koa-views-6.1.4.tgz",
      "integrity": "sha512-se1YqI2zlUT6AHfm4vL/Q1ymeTBg7g9gv8YYlSfKG+j0cwQy/qljYLmihnZZ4dB7kGIL3KvJWZfNNaQiIq7qcw==",
      "requires": {
        "consolidate": "^0.15.0",
        "debug": "^3.1.0",
        "get-paths": "^0.0.2",
        "koa-send": "^4.0.0",
        "mz": "^2.4.0",
        "pretty": "^2.0.0"
      }
    },
    "lru-cache": {
      "version": "3.2.0",
      "resolved": "https://registry.npmjs.org/lru-cache/-/lru-cache-3.2.0.tgz",
      "integrity": "sha1-cXibO39Tmb7IVl3aOKow0qCX7+4=",
      "requires": {
        "pseudomap": "^1.0.1"
      }
    },
    "media-typer": {
      "version": "0.3.0",
      "resolved": "https://registry.npmjs.org/media-typer/-/media-typer-0.3.0.tgz",
      "integrity": "sha1-hxDXrwqmJvj/+hzgAWhUUmMlV0g="
    },
    "methods": {
      "version": "1.1.2",
      "resolved": "https://registry.npmjs.org/methods/-/methods-1.1.2.tgz",
      "integrity": "sha1-VSmk1nZUE07cxSZmVoNbD4Ua/O4="
    },
    "mime-db": {
      "version": "1.33.0",
      "resolved": "https://registry.npmjs.org/mime-db/-/mime-db-1.33.0.tgz",
      "integrity": "sha512-BHJ/EKruNIqJf/QahvxwQZXKygOQ256myeN/Ew+THcAa5q+PjyTTMMeNQC4DZw5AwfvelsUrA6B67NKMqXDbzQ=="
    },
    "mime-types": {
      "version": "2.1.18",
      "resolved": "https://registry.npmjs.org/mime-types/-/mime-types-2.1.18.tgz",
      "integrity": "sha512-lc/aahn+t4/SWV/qcmumYjymLsWfN3ELhpmVuUFjgsORruuZPVSwAQryq+HHGvO/SI2KVX26bx+En+zhM8g8hQ==",
      "requires": {
        "mime-db": "~1.33.0"
      }
    },
    "minimist": {
      "version": "0.0.8",
      "resolved": "https://registry.npmjs.org/minimist/-/minimist-0.0.8.tgz",
      "integrity": "sha1-hX/Kv8M5fSYluCKCYuhqp6ARsF0="
    },
    "mkdirp": {
      "version": "0.5.1",
      "resolved": "https://registry.npmjs.org/mkdirp/-/mkdirp-0.5.1.tgz",
      "integrity": "sha1-MAV0OOrGz3+MR2fzhkjWaX11yQM=",
      "requires": {
        "minimist": "0.0.8"
      }
    },
    "ms": {
      "version": "2.0.0",
      "resolved": "https://registry.npmjs.org/ms/-/ms-2.0.0.tgz",
      "integrity": "sha1-VgiurfwAvmwpAd9fmGF4jeDVl8g="
    },
    "mz": {
      "version": "2.7.0",
      "resolved": "https://registry.npmjs.org/mz/-/mz-2.7.0.tgz",
      "integrity": "sha512-z81GNO7nnYMEhrGh9LeymoE4+Yr0Wn5McHIZMK5cfQCl+NDX08sCZgUc9/6MHni9IWuFLm1Z3HTCXu2z9fN62Q==",
      "requires": {
        "any-promise": "^1.0.0",
        "object-assign": "^4.0.1",
        "thenify-all": "^1.0.0"
      }
    },
    "negotiator": {
      "version": "0.6.1",
      "resolved": "https://registry.npmjs.org/negotiator/-/negotiator-0.6.1.tgz",
      "integrity": "sha1-KzJxhOiZIQEXeyhWP7XnECrNDKk="
    },
    "nopt": {
      "version": "3.0.6",
      "resolved": "https://registry.npmjs.org/nopt/-/nopt-3.0.6.tgz",
      "integrity": "sha1-xkZdvwirzU2zWTF/eaxopkayj/k=",
      "requires": {
        "abbrev": "1"
      }
    },
    "object-assign": {
      "version": "4.1.1",
      "resolved": "https://registry.npmjs.org/object-assign/-/object-assign-4.1.1.tgz",
      "integrity": "sha1-IQmtx5ZYh8/AXLvUQsrIv7s2CGM="
    },
    "on-finished": {
      "version": "2.3.0",
      "resolved": "https://registry.npmjs.org/on-finished/-/on-finished-2.3.0.tgz",
      "integrity": "sha1-IPEzZIGwg811M3mSoWlxqi2QaUc=",
      "requires": {
        "ee-first": "1.1.1"
      }
    },
    "only": {
      "version": "0.0.2",
      "resolved": "https://registry.npmjs.org/only/-/only-0.0.2.tgz",
      "integrity": "sha1-Kv3oTQPlC5qO3EROMGEKcCle37Q="
    },
    "parseurl": {
      "version": "1.3.2",
      "resolved": "https://registry.npmjs.org/parseurl/-/parseurl-1.3.2.tgz",
      "integrity": "sha1-/CidTtiZMRlGDBViUyYs3I3mW/M="
    },
    "path-is-absolute": {
      "version": "1.0.1",
      "resolved": "https://registry.npmjs.org/path-is-absolute/-/path-is-absolute-1.0.1.tgz",
      "integrity": "sha1-F0uSaHNVNP+8es5r9TpanhtcX18="
    },
    "path-to-regexp": {
      "version": "1.7.0",
      "resolved": "https://registry.npmjs.org/path-to-regexp/-/path-to-regexp-1.7.0.tgz",
      "integrity": "sha1-Wf3g9DW62suhA6hOnTvGTpa5k30=",
      "requires": {
        "isarray": "0.0.1"
      }
    },
    "pretty": {
      "version": "2.0.0",
      "resolved": "https://registry.npmjs.org/pretty/-/pretty-2.0.0.tgz",
      "integrity": "sha1-rbx5YLe7/iiaVX3F9zdhmiINBqU=",
      "requires": {
        "condense-newlines": "^0.2.1",
        "extend-shallow": "^2.0.1",
        "js-beautify": "^1.6.12"
      }
    },
    "proto-list": {
      "version": "1.2.4",
      "resolved": "https://registry.npmjs.org/proto-list/-/proto-list-1.2.4.tgz",
      "integrity": "sha1-IS1b/hMYMGpCD2QCuOJv85ZHqEk="
    },
    "pseudomap": {
      "version": "1.0.2",
      "resolved": "https://registry.npmjs.org/pseudomap/-/pseudomap-1.0.2.tgz",
      "integrity": "sha1-8FKijacOYYkX7wqKw0wa5aaChrM="
    },
    "resolve-path": {
      "version": "1.4.0",
      "resolved": "https://registry.npmjs.org/resolve-path/-/resolve-path-1.4.0.tgz",
      "integrity": "sha1-xL2p9e+y/OZSR4c6s2u02DT+Fvc=",
      "requires": {
        "http-errors": "~1.6.2",
        "path-is-absolute": "1.0.1"
      }
    },
    "semver": {
      "version": "5.5.0",
      "resolved": "https://registry.npmjs.org/semver/-/semver-5.5.0.tgz",
      "integrity": "sha512-4SJ3dm0WAwWy/NVeioZh5AntkdJoWKxHxcmyP622fOkgHa4z3R0TdBJICINyaSDE6uNwVc8gZr+ZinwZAH4xIA=="
    },
    "setprototypeof": {
      "version": "1.1.0",
      "resolved": "https://registry.npmjs.org/setprototypeof/-/setprototypeof-1.1.0.tgz",
      "integrity": "sha512-BvE/TwpZX4FXExxOxZyRGQQv651MSwmWKZGqvmPcRIjDqWub67kTKuIMx43cZZrS/cBBzwBcNDWoFxt2XEFIpQ=="
    },
    "sigmund": {
      "version": "1.0.1",
      "resolved": "https://registry.npmjs.org/sigmund/-/sigmund-1.0.1.tgz",
      "integrity": "sha1-P/IfGYytIXX587eBhT/ZTQ0ZtZA="
    },
    "statuses": {
      "version": "1.5.0",
      "resolved": "https://registry.npmjs.org/statuses/-/statuses-1.5.0.tgz",
      "integrity": "sha1-Fhx9rBd2Wf2YEfQ3cfqZOBR4Yow="
    },
    "thenify": {
      "version": "3.3.0",
      "resolved": "https://registry.npmjs.org/thenify/-/thenify-3.3.0.tgz",
      "integrity": "sha1-5p44obq+lpsBCCB5eLn2K4hgSDk=",
      "requires": {
        "any-promise": "^1.0.0"
      }
    },
    "thenify-all": {
      "version": "1.6.0",
      "resolved": "https://registry.npmjs.org/thenify-all/-/thenify-all-1.6.0.tgz",
      "integrity": "sha1-GhkY1ALY/D+Y+/I02wvMjMEOlyY=",
      "requires": {
        "thenify": ">= 3.1.0 < 4"
      }
    },
    "type-is": {
      "version": "1.6.16",
      "resolved": "https://registry.npmjs.org/type-is/-/type-is-1.6.16.tgz",
      "integrity": "sha512-HRkVv/5qY2G6I8iab9cI7v1bOIdhm94dVjQCPFElW9W+3GeDOSHmy2EBYe4VTApuzolPcmgFTN3ftVJRKR2J9Q==",
      "requires": {
        "media-typer": "0.3.0",
        "mime-types": "~2.1.18"
      }
    },
    "universalify": {
      "version": "0.1.1",
      "resolved": "https://registry.npmjs.org/universalify/-/universalify-0.1.1.tgz",
      "integrity": "sha1-+nG63UQ3r0wUiEHjs7Fl+enlkLc="
    },
    "urijs": {
      "version": "1.19.1",
      "resolved": "https://registry.npmjs.org/urijs/-/urijs-1.19.1.tgz",
      "integrity": "sha512-xVrGVi94ueCJNrBSTjWqjvtgvl3cyOTThp2zaMaFNGp3F542TR6sM3f2o8RqZl+AwteClSVmoCyt0ka4RjQOQg=="
    },
    "vary": {
      "version": "1.1.2",
      "resolved": "https://registry.npmjs.org/vary/-/vary-1.1.2.tgz",
      "integrity": "sha1-IpnwLG3tMNSllhsLn3RSShj2NPw="
    }
  }
}
